
Microsoft Visual Studio Solution File, Format Version 12.00
# Visual Studio Version 16
VisualStudioVersion = 16.0.31025.194
MinimumVisualStudioVersion = 10.0.40219.1
Project("{FAE04EC0-301F-11D3-BF4B-00C04F79EFBC}") = "PrimeFactors", "PrimeFactors.csproj", "{68B30ECB-C450-4222-83F4-4BDE818B330C}"
EndProject
Project("{FAE04EC0-301F-11D3-BF4B-00C04F79EFBC}") = "ArrayAttributes", "..\ArrayAttributes\ArrayAttributes.csproj", "{14053DCD-8A4D-40BD-8A0E-A2FD737FA30D}"
EndProject
Project("{FAE04EC0-301F-11D3-BF4B-00C04F79EFBC}") = "getPrimes", "..\getPrimes\getPrimes.csproj", "{41CBCD38-2425-4CC2-BC7C-D7091C8C43F6}"
EndProject
Project("{FAE04EC0-301F-11D3-BF4B-00C04F79EFBC}") = "TplizMatrix", "..\TplizMatrix\TplizMatrix.csproj", "{E230AC98-D598-4A86-BDF9-CFD6D7FE0440}"
EndProject
Global
	GlobalSection(SolutionConfigurationPlatforms) = preSolution
		Debug|Any CPU = Debug|Any CPU
		Release|Any CPU = Release|Any CPU
	EndGlobalSection
	GlobalSection(ProjectConfigurationPlatforms) = postSolution
		{68B30ECB-C450-4222-83F4-4BDE818B330C}.Debug|Any CPU.ActiveCfg = Debug|Any CPU
		{68B30ECB-C450-4222-83F4-4BDE818B330C}.Debug|Any CPU.Build.0 = Debug|Any CPU
		{68B30ECB-C450-4222-83F4-4BDE818B330C}.Release|Any CPU.ActiveCfg = Release|Any CPU
		{68B30ECB-C450-4222-83F4-4BDE818B330C}.Release|Any CPU.Build.0 = Release|Any CPU
		{14053DCD-8A4D-40BD-8A0E-A2FD737FA30D}.Debug|Any CPU.ActiveCfg = Debug|Any CPU
		{14053DCD-8A4D-40BD-8A0E-A2FD737FA30D}.Debug|Any CPU.Build.0 = Debug|Any CPU
		{14053DCD-8A4D-40BD-8A0E-A2FD737FA30D}.Release|Any CPU.ActiveCfg = Release|Any CPU
		{14053DCD-8A4D-40BD-8A0E-A2FD737FA30D}.Release|Any CPU.Build.0 = Release|Any CPU
		{41CBCD38-2425-4CC2-BC7C-D7091C8C43F6}.Debug|Any CPU.ActiveCfg = Debug|Any CPU
		{41CBCD38-2425-4CC2-BC7C-D7091C8C43F6}.Debug|Any CPU.Build.0 = Debug|Any CPU
		{41CBCD38-2425-4CC2-BC7C-D7091C8C43F6}.Release|Any CPU.ActiveCfg = Release|Any CPU
		{41CBCD38-2425-4CC2-BC7C-D7091C8C43F6}.Release|Any CPU.Build.0 = Release|Any CPU
		{E230AC98-D598-4A86-BDF9-CFD6D7FE0440}.Debug|Any CPU.ActiveCfg = Debug|Any CPU
		{E230AC98-D598-4A86-BDF9-CFD6D7FE0440}.Debug|Any CPU.Build.0 = Debug|Any CPU
		{E230AC98-D598-4A86-BDF9-CFD6D7FE0440}.Release|Any CPU.ActiveCfg = Release|Any CPU
		{E230AC98-D598-4A86-BDF9-CFD6D7FE0440}.Release|Any CPU.Build.0 = Release|Any CPU
	EndGlobalSection
	GlobalSection(SolutionProperties) = preSolution
		HideSolutionNode = FALSE
	EndGlobalSection
	GlobalSection(ExtensibilityGlobals) = postSolution
		SolutionGuid = {9F1CD832-E170-45E6-ACEB-72B214649DC2}
	EndGlobalSection
EndGlobal
